// !$*UTF8*$!
{
	archiveVersion = 1;
	classes = {
	};
	objectVersion = 52;
	objects = {

/* Begin PBXBuildFile section */
		9C1C26DA23DDCC0600673570 /* AppDelegate.swift in Sources */ = {isa = PBXBuildFile; fileRef = 9C1C26D923DDCC0600673570 /* AppDelegate.swift */; };
		9C1C26DC23DDCC0600673570 /* ViewController.swift in Sources */ = {isa = PBXBuildFile; fileRef = 9C1C26DB23DDCC0600673570 /* ViewController.swift */; };
		9C1C26DE23DDCC0700673570 /* Assets.xcassets in Resources */ = {isa = PBXBuildFile; fileRef = 9C1C26DD23DDCC0700673570 /* Assets.xcassets */; };
		9C1C26E123DDCC0700673570 /* Main.storyboard in Resources */ = {isa = PBXBuildFile; fileRef = 9C1C26DF23DDCC0700673570 /* Main.storyboard */; };
		9C1C26EE23DDDC8B00673570 /* AdController.swift in Sources */ = {isa = PBXBuildFile; fileRef = 9C1C26ED23DDDC8B00673570 /* AdController.swift */; };
		9C1C26F223DDDF3E00673570 /* combinebook.png in Resources */ = {isa = PBXBuildFile; fileRef = 9C1C26F023DDDF3E00673570 /* combinebook.png */; };
		9C1C26F323DDDF3E00673570 /* rxbook.png in Resources */ = {isa = PBXBuildFile; fileRef = 9C1C26F123DDDF3E00673570 /* rxbook.png */; };
		9C1C26F823DDEB1B00673570 /* Down in Frameworks */ = {isa = PBXBuildFile; productRef = 9C1C26F723DDEB1B00673570 /* Down */; };
		9C1C26FA23DDEC1000673570 /* markdown in Resources */ = {isa = PBXBuildFile; fileRef = 9C1C26F923DDEC1000673570 /* markdown */; };
		9C25F000241E59F2004AAA35 /* TimelaneInstrument.instrpkg in Sources */ = {isa = PBXBuildFile; fileRef = 9C25EFFF241E59F2004AAA35 /* TimelaneInstrument.instrpkg */; };
		9C25F008241E5BEB004AAA35 /* TimelaneInstrument.instrdst in Resources */ = {isa = PBXBuildFile; fileRef = 9C25EFFD241E59F2004AAA35 /* TimelaneInstrument.instrdst */; };
		9C25F010241E5CA6004AAA35 /* AppDelegate.swift in Sources */ = {isa = PBXBuildFile; fileRef = 9C25F00F241E5CA6004AAA35 /* AppDelegate.swift */; };
		9C25F014241E5CA6004AAA35 /* ViewController.swift in Sources */ = {isa = PBXBuildFile; fileRef = 9C25F013241E5CA6004AAA35 /* ViewController.swift */; };
		9C25F017241E5CA7004AAA35 /* Main.storyboard in Resources */ = {isa = PBXBuildFile; fileRef = 9C25F015241E5CA7004AAA35 /* Main.storyboard */; };
		9C25F019241E5CA7004AAA35 /* Assets.xcassets in Resources */ = {isa = PBXBuildFile; fileRef = 9C25F018241E5CA7004AAA35 /* Assets.xcassets */; };
		9C25F01C241E5CA7004AAA35 /* LaunchScreen.storyboard in Resources */ = {isa = PBXBuildFile; fileRef = 9C25F01A241E5CA7004AAA35 /* LaunchScreen.storyboard */; };
		9C25F022241E5CD0004AAA35 /* Worker.swift in Sources */ = {isa = PBXBuildFile; fileRef = 9C25F021241E5CD0004AAA35 /* Worker.swift */; };
		9C25F029241E5D6A004AAA35 /* TimelaneCombine in Frameworks */ = {isa = PBXBuildFile; productRef = 9C25F028241E5D6A004AAA35 /* TimelaneCombine */; };
		9C3C6AFF23DE2F1400F3AAA8 /* about.txt in Resources */ = {isa = PBXBuildFile; fileRef = 9C3C6AFE23DE2F1400F3AAA8 /* about.txt */; };
		9C3C6B0123DE301A00F3AAA8 /* Releases.swift in Sources */ = {isa = PBXBuildFile; fileRef = 9C3C6B0023DE301A00F3AAA8 /* Releases.swift */; };
		9CAA292523DE2B870029FCD2 /* AboutViewController.swift in Sources */ = {isa = PBXBuildFile; fileRef = 9CAA292423DE2B870029FCD2 /* AboutViewController.swift */; };
		9CFD3B2D2409186300AABADC /* gcdbook.png in Resources */ = {isa = PBXBuildFile; fileRef = 9CFD3B2C2409186300AABADC /* gcdbook.png */; };
/* End PBXBuildFile section */

/* Begin PBXContainerItemProxy section */
		9C25F006241E5BC9004AAA35 /* PBXContainerItemProxy */ = {
			isa = PBXContainerItemProxy;
			containerPortal = 9C1C26CE23DDCC0600673570 /* Project object */;
			proxyType = 1;
			remoteGlobalIDString = 9C25EFFC241E59F2004AAA35;
			remoteInfo = TimelaneInstrument;
		};
/* End PBXContainerItemProxy section */

/* Begin PBXFileReference section */
		9C1C26D623DDCC0600673570 /* Timelane.app */ = {isa = PBXFileReference; explicitFileType = wrapper.application; includeInIndex = 0; path = Timelane.app; sourceTree = BUILT_PRODUCTS_DIR; };
		9C1C26D923DDCC0600673570 /* AppDelegate.swift */ = {isa = PBXFileReference; lastKnownFileType = sourcecode.swift; path = AppDelegate.swift; sourceTree = "<group>"; };
		9C1C26DB23DDCC0600673570 /* ViewController.swift */ = {isa = PBXFileReference; lastKnownFileType = sourcecode.swift; path = ViewController.swift; sourceTree = "<group>"; };
		9C1C26DD23DDCC0700673570 /* Assets.xcassets */ = {isa = PBXFileReference; lastKnownFileType = folder.assetcatalog; path = Assets.xcassets; sourceTree = "<group>"; };
		9C1C26E023DDCC0700673570 /* Base */ = {isa = PBXFileReference; lastKnownFileType = file.storyboard; name = Base; path = Base.lproj/Main.storyboard; sourceTree = "<group>"; };
		9C1C26E223DDCC0700673570 /* Info.plist */ = {isa = PBXFileReference; lastKnownFileType = text.plist.xml; path = Info.plist; sourceTree = "<group>"; };
		9C1C26E323DDCC0700673570 /* Timelane.entitlements */ = {isa = PBXFileReference; lastKnownFileType = text.plist.entitlements; path = Timelane.entitlements; sourceTree = "<group>"; };
		9C1C26ED23DDDC8B00673570 /* AdController.swift */ = {isa = PBXFileReference; lastKnownFileType = sourcecode.swift; path = AdController.swift; sourceTree = "<group>"; };
		9C1C26F023DDDF3E00673570 /* combinebook.png */ = {isa = PBXFileReference; lastKnownFileType = image.png; path = combinebook.png; sourceTree = "<group>"; };
		9C1C26F123DDDF3E00673570 /* rxbook.png */ = {isa = PBXFileReference; lastKnownFileType = image.png; path = rxbook.png; sourceTree = "<group>"; };
		9C1C26F923DDEC1000673570 /* markdown */ = {isa = PBXFileReference; lastKnownFileType = folder; path = markdown; sourceTree = "<group>"; };
		9C25EFFD241E59F2004AAA35 /* TimelaneInstrument.instrdst */ = {isa = PBXFileReference; explicitFileType = com.apple.instruments.instrdst; includeInIndex = 0; path = TimelaneInstrument.instrdst; sourceTree = BUILT_PRODUCTS_DIR; };
		9C25EFFF241E59F2004AAA35 /* TimelaneInstrument.instrpkg */ = {isa = PBXFileReference; lastKnownFileType = "com.apple.instruments.package-definition"; path = TimelaneInstrument.instrpkg; sourceTree = "<group>"; };
		9C25F00D241E5CA6004AAA35 /* TestApp.app */ = {isa = PBXFileReference; explicitFileType = wrapper.application; includeInIndex = 0; path = TestApp.app; sourceTree = BUILT_PRODUCTS_DIR; };
		9C25F00F241E5CA6004AAA35 /* AppDelegate.swift */ = {isa = PBXFileReference; lastKnownFileType = sourcecode.swift; path = AppDelegate.swift; sourceTree = "<group>"; };
		9C25F013241E5CA6004AAA35 /* ViewController.swift */ = {isa = PBXFileReference; lastKnownFileType = sourcecode.swift; path = ViewController.swift; sourceTree = "<group>"; };
		9C25F016241E5CA7004AAA35 /* Base */ = {isa = PBXFileReference; lastKnownFileType = file.storyboard; name = Base; path = Base.lproj/Main.storyboard; sourceTree = "<group>"; };
		9C25F018241E5CA7004AAA35 /* Assets.xcassets */ = {isa = PBXFileReference; lastKnownFileType = folder.assetcatalog; path = Assets.xcassets; sourceTree = "<group>"; };
		9C25F01B241E5CA7004AAA35 /* Base */ = {isa = PBXFileReference; lastKnownFileType = file.storyboard; name = Base; path = Base.lproj/LaunchScreen.storyboard; sourceTree = "<group>"; };
		9C25F01D241E5CA7004AAA35 /* Info.plist */ = {isa = PBXFileReference; lastKnownFileType = text.plist.xml; path = Info.plist; sourceTree = "<group>"; };
		9C25F021241E5CD0004AAA35 /* Worker.swift */ = {isa = PBXFileReference; fileEncoding = 4; lastKnownFileType = sourcecode.swift; path = Worker.swift; sourceTree = "<group>"; };
		9C3C6AFE23DE2F1400F3AAA8 /* about.txt */ = {isa = PBXFileReference; lastKnownFileType = text; path = about.txt; sourceTree = "<group>"; };
		9C3C6B0023DE301A00F3AAA8 /* Releases.swift */ = {isa = PBXFileReference; lastKnownFileType = sourcecode.swift; path = Releases.swift; sourceTree = "<group>"; };
		9CAA292423DE2B870029FCD2 /* AboutViewController.swift */ = {isa = PBXFileReference; lastKnownFileType = sourcecode.swift; path = AboutViewController.swift; sourceTree = "<group>"; };
		9CFD3B2C2409186300AABADC /* gcdbook.png */ = {isa = PBXFileReference; lastKnownFileType = image.png; path = gcdbook.png; sourceTree = "<group>"; };
/* End PBXFileReference section */

/* Begin PBXFrameworksBuildPhase section */
		9C1C26D323DDCC0600673570 /* Frameworks */ = {
			isa = PBXFrameworksBuildPhase;
			buildActionMask = 2147483647;
			files = (
				9C1C26F823DDEB1B00673570 /* Down in Frameworks */,
			);
			runOnlyForDeploymentPostprocessing = 0;
		};
		9C25F00A241E5CA6004AAA35 /* Frameworks */ = {
			isa = PBXFrameworksBuildPhase;
			buildActionMask = 2147483647;
			files = (
				9C25F029241E5D6A004AAA35 /* TimelaneCombine in Frameworks */,
			);
			runOnlyForDeploymentPostprocessing = 0;
		};
/* End PBXFrameworksBuildPhase section */

/* Begin PBXGroup section */
		9C0E61B923F5ECCC00A9E063 /* Frameworks */ = {
			isa = PBXGroup;
			children = (
			);
			name = Frameworks;
			sourceTree = "<group>";
		};
		9C1C26CD23DDCC0600673570 = {
			isa = PBXGroup;
			children = (
				9C25EFFE241E59F2004AAA35 /* Instrument */,
				9C1C26D823DDCC0600673570 /* Timelane */,
				9C25F00E241E5CA6004AAA35 /* TestApp */,
				9C1C26D723DDCC0600673570 /* Products */,
				9C0E61B923F5ECCC00A9E063 /* Frameworks */,
			);
			sourceTree = "<group>";
		};
		9C1C26D723DDCC0600673570 /* Products */ = {
			isa = PBXGroup;
			children = (
				9C1C26D623DDCC0600673570 /* Timelane.app */,
				9C25EFFD241E59F2004AAA35 /* TimelaneInstrument.instrdst */,
				9C25F00D241E5CA6004AAA35 /* TestApp.app */,
			);
			name = Products;
			sourceTree = "<group>";
		};
		9C1C26D823DDCC0600673570 /* Timelane */ = {
			isa = PBXGroup;
			children = (
				9CAA292123DE27DA0029FCD2 /* Controllers */,
				9C1C26E923DDD94D00673570 /* Resources */,
				9C1C26D923DDCC0600673570 /* AppDelegate.swift */,
				9C1C26DB23DDCC0600673570 /* ViewController.swift */,
				9C3C6B0023DE301A00F3AAA8 /* Releases.swift */,
				9C1C26E223DDCC0700673570 /* Info.plist */,
				9C1C26E323DDCC0700673570 /* Timelane.entitlements */,
			);
			path = Timelane;
			sourceTree = "<group>";
		};
		9C1C26E923DDD94D00673570 /* Resources */ = {
			isa = PBXGroup;
			children = (
				9C1C26F923DDEC1000673570 /* markdown */,
				9C1C26EF23DDDEB200673570 /* books */,
				9C1C26DD23DDCC0700673570 /* Assets.xcassets */,
				9C1C26DF23DDCC0700673570 /* Main.storyboard */,
				9C3C6AFE23DE2F1400F3AAA8 /* about.txt */,
			);
			path = Resources;
			sourceTree = "<group>";
		};
		9C1C26EF23DDDEB200673570 /* books */ = {
			isa = PBXGroup;
			children = (
				9C1C26F023DDDF3E00673570 /* combinebook.png */,
				9C1C26F123DDDF3E00673570 /* rxbook.png */,
				9CFD3B2C2409186300AABADC /* gcdbook.png */,
			);
			path = books;
			sourceTree = "<group>";
		};
		9C25EFFE241E59F2004AAA35 /* Instrument */ = {
			isa = PBXGroup;
			children = (
				9C25EFFF241E59F2004AAA35 /* TimelaneInstrument.instrpkg */,
			);
			path = Instrument;
			sourceTree = "<group>";
		};
		9C25F00E241E5CA6004AAA35 /* TestApp */ = {
			isa = PBXGroup;
			children = (
				9C25F023241E5CDB004AAA35 /* Assets */,
				9C25F00F241E5CA6004AAA35 /* AppDelegate.swift */,
				9C25F013241E5CA6004AAA35 /* ViewController.swift */,
				9C25F021241E5CD0004AAA35 /* Worker.swift */,
				9C25F01D241E5CA7004AAA35 /* Info.plist */,
			);
			path = TestApp;
			sourceTree = "<group>";
		};
		9C25F023241E5CDB004AAA35 /* Assets */ = {
			isa = PBXGroup;
			children = (
				9C25F015241E5CA7004AAA35 /* Main.storyboard */,
				9C25F018241E5CA7004AAA35 /* Assets.xcassets */,
				9C25F01A241E5CA7004AAA35 /* LaunchScreen.storyboard */,
			);
			path = Assets;
			sourceTree = "<group>";
		};
		9CAA292123DE27DA0029FCD2 /* Controllers */ = {
			isa = PBXGroup;
			children = (
				9C1C26ED23DDDC8B00673570 /* AdController.swift */,
				9CAA292423DE2B870029FCD2 /* AboutViewController.swift */,
			);
			path = Controllers;
			sourceTree = "<group>";
		};
/* End PBXGroup section */

/* Begin PBXNativeTarget section */
		9C1C26D523DDCC0600673570 /* Timelane */ = {
			isa = PBXNativeTarget;
			buildConfigurationList = 9C1C26E623DDCC0700673570 /* Build configuration list for PBXNativeTarget "Timelane" */;
			buildPhases = (
				9C1C26D223DDCC0600673570 /* Sources */,
				9C1C26D323DDCC0600673570 /* Frameworks */,
				9C1C26D423DDCC0600673570 /* Resources */,
			);
			buildRules = (
			);
			dependencies = (
				9C25F007241E5BC9004AAA35 /* PBXTargetDependency */,
			);
			name = Timelane;
			packageProductDependencies = (
				9C1C26F723DDEB1B00673570 /* Down */,
			);
			productName = Timelane;
			productReference = 9C1C26D623DDCC0600673570 /* Timelane.app */;
			productType = "com.apple.product-type.application";
		};
		9C25EFFC241E59F2004AAA35 /* TimelaneInstrument */ = {
			isa = PBXNativeTarget;
			buildConfigurationList = 9C25F003241E59F2004AAA35 /* Build configuration list for PBXNativeTarget "TimelaneInstrument" */;
			buildPhases = (
				9C25EFFB241E59F2004AAA35 /* Sources */,
			);
			buildRules = (
			);
			dependencies = (
			);
			name = TimelaneInstrument;
			productName = TimelaneInstrument;
			productReference = 9C25EFFD241E59F2004AAA35 /* TimelaneInstrument.instrdst */;
			productType = "com.apple.product-type.instruments-package";
		};
		9C25F00C241E5CA6004AAA35 /* TestApp */ = {
			isa = PBXNativeTarget;
			buildConfigurationList = 9C25F01E241E5CA7004AAA35 /* Build configuration list for PBXNativeTarget "TestApp" */;
			buildPhases = (
				9C25F009241E5CA6004AAA35 /* Sources */,
				9C25F00A241E5CA6004AAA35 /* Frameworks */,
				9C25F00B241E5CA6004AAA35 /* Resources */,
			);
			buildRules = (
			);
			dependencies = (
			);
			name = TestApp;
			packageProductDependencies = (
				9C25F028241E5D6A004AAA35 /* TimelaneCombine */,
			);
			productName = TestApp;
			productReference = 9C25F00D241E5CA6004AAA35 /* TestApp.app */;
			productType = "com.apple.product-type.application";
		};
/* End PBXNativeTarget section */

/* Begin PBXProject section */
		9C1C26CE23DDCC0600673570 /* Project object */ = {
			isa = PBXProject;
			attributes = {
				LastSwiftUpdateCheck = 1130;
				LastUpgradeCheck = 1130;
				ORGANIZATIONNAME = "Underplot ltd";
				TargetAttributes = {
					9C1C26D523DDCC0600673570 = {
						CreatedOnToolsVersion = 11.3;
					};
					9C25EFFC241E59F2004AAA35 = {
						CreatedOnToolsVersion = 11.3;
					};
					9C25F00C241E5CA6004AAA35 = {
						CreatedOnToolsVersion = 11.3;
					};
				};
			};
			buildConfigurationList = 9C1C26D123DDCC0600673570 /* Build configuration list for PBXProject "Timelane" */;
			compatibilityVersion = "Xcode 9.3";
			developmentRegion = en;
			hasScannedForEncodings = 0;
			knownRegions = (
				en,
				Base,
			);
			mainGroup = 9C1C26CD23DDCC0600673570;
			packageReferences = (
				9C1C26F623DDEB1B00673570 /* XCRemoteSwiftPackageReference "Down" */,
				9C25F027241E5D6A004AAA35 /* XCRemoteSwiftPackageReference "TimelaneCombine" */,
			);
			productRefGroup = 9C1C26D723DDCC0600673570 /* Products */;
			projectDirPath = "";
			projectRoot = "";
			targets = (
				9C1C26D523DDCC0600673570 /* Timelane */,
				9C25EFFC241E59F2004AAA35 /* TimelaneInstrument */,
				9C25F00C241E5CA6004AAA35 /* TestApp */,
			);
		};
/* End PBXProject section */

/* Begin PBXResourcesBuildPhase section */
		9C1C26D423DDCC0600673570 /* Resources */ = {
			isa = PBXResourcesBuildPhase;
			buildActionMask = 2147483647;
			files = (
				9C25F008241E5BEB004AAA35 /* TimelaneInstrument.instrdst in Resources */,
				9C1C26DE23DDCC0700673570 /* Assets.xcassets in Resources */,
				9C1C26F223DDDF3E00673570 /* combinebook.png in Resources */,
				9C3C6AFF23DE2F1400F3AAA8 /* about.txt in Resources */,
				9C1C26E123DDCC0700673570 /* Main.storyboard in Resources */,
				9C1C26F323DDDF3E00673570 /* rxbook.png in Resources */,
				9C1C26FA23DDEC1000673570 /* markdown in Resources */,
				9CFD3B2D2409186300AABADC /* gcdbook.png in Resources */,
			);
			runOnlyForDeploymentPostprocessing = 0;
		};
		9C25F00B241E5CA6004AAA35 /* Resources */ = {
			isa = PBXResourcesBuildPhase;
			buildActionMask = 2147483647;
			files = (
				9C25F01C241E5CA7004AAA35 /* LaunchScreen.storyboard in Resources */,
				9C25F019241E5CA7004AAA35 /* Assets.xcassets in Resources */,
				9C25F017241E5CA7004AAA35 /* Main.storyboard in Resources */,
			);
			runOnlyForDeploymentPostprocessing = 0;
		};
/* End PBXResourcesBuildPhase section */

/* Begin PBXSourcesBuildPhase section */
		9C1C26D223DDCC0600673570 /* Sources */ = {
			isa = PBXSourcesBuildPhase;
			buildActionMask = 2147483647;
			files = (
				9C3C6B0123DE301A00F3AAA8 /* Releases.swift in Sources */,
				9C1C26DC23DDCC0600673570 /* ViewController.swift in Sources */,
				9C1C26EE23DDDC8B00673570 /* AdController.swift in Sources */,
				9CAA292523DE2B870029FCD2 /* AboutViewController.swift in Sources */,
				9C1C26DA23DDCC0600673570 /* AppDelegate.swift in Sources */,
			);
			runOnlyForDeploymentPostprocessing = 0;
		};
		9C25EFFB241E59F2004AAA35 /* Sources */ = {
			isa = PBXSourcesBuildPhase;
			buildActionMask = 2147483647;
			files = (
				9C25F000241E59F2004AAA35 /* TimelaneInstrument.instrpkg in Sources */,
			);
			runOnlyForDeploymentPostprocessing = 0;
		};
		9C25F009241E5CA6004AAA35 /* Sources */ = {
			isa = PBXSourcesBuildPhase;
			buildActionMask = 2147483647;
			files = (
				9C25F014241E5CA6004AAA35 /* ViewController.swift in Sources */,
				9C25F022241E5CD0004AAA35 /* Worker.swift in Sources */,
				9C25F010241E5CA6004AAA35 /* AppDelegate.swift in Sources */,
			);
			runOnlyForDeploymentPostprocessing = 0;
		};
/* End PBXSourcesBuildPhase section */

/* Begin PBXTargetDependency section */
		9C25F007241E5BC9004AAA35 /* PBXTargetDependency */ = {
			isa = PBXTargetDependency;
			target = 9C25EFFC241E59F2004AAA35 /* TimelaneInstrument */;
			targetProxy = 9C25F006241E5BC9004AAA35 /* PBXContainerItemProxy */;
		};
/* End PBXTargetDependency section */

/* Begin PBXVariantGroup section */
		9C1C26DF23DDCC0700673570 /* Main.storyboard */ = {
			isa = PBXVariantGroup;
			children = (
				9C1C26E023DDCC0700673570 /* Base */,
			);
			name = Main.storyboard;
			sourceTree = "<group>";
		};
		9C25F015241E5CA7004AAA35 /* Main.storyboard */ = {
			isa = PBXVariantGroup;
			children = (
				9C25F016241E5CA7004AAA35 /* Base */,
			);
			name = Main.storyboard;
			sourceTree = "<group>";
		};
		9C25F01A241E5CA7004AAA35 /* LaunchScreen.storyboard */ = {
			isa = PBXVariantGroup;
			children = (
				9C25F01B241E5CA7004AAA35 /* Base */,
			);
			name = LaunchScreen.storyboard;
			sourceTree = "<group>";
		};
/* End PBXVariantGroup section */

/* Begin XCBuildConfiguration section */
		9C1C26E423DDCC0700673570 /* Debug */ = {
			isa = XCBuildConfiguration;
			buildSettings = {
				ALWAYS_SEARCH_USER_PATHS = NO;
				CLANG_ANALYZER_NONNULL = YES;
				CLANG_ANALYZER_NUMBER_OBJECT_CONVERSION = YES_AGGRESSIVE;
				CLANG_CXX_LANGUAGE_STANDARD = "gnu++14";
				CLANG_CXX_LIBRARY = "libc++";
				CLANG_ENABLE_MODULES = YES;
				CLANG_ENABLE_OBJC_ARC = YES;
				CLANG_ENABLE_OBJC_WEAK = YES;
				CLANG_WARN_BLOCK_CAPTURE_AUTORELEASING = YES;
				CLANG_WARN_BOOL_CONVERSION = YES;
				CLANG_WARN_COMMA = YES;
				CLANG_WARN_CONSTANT_CONVERSION = YES;
				CLANG_WARN_DEPRECATED_OBJC_IMPLEMENTATIONS = YES;
				CLANG_WARN_DIRECT_OBJC_ISA_USAGE = YES_ERROR;
				CLANG_WARN_DOCUMENTATION_COMMENTS = YES;
				CLANG_WARN_EMPTY_BODY = YES;
				CLANG_WARN_ENUM_CONVERSION = YES;
				CLANG_WARN_INFINITE_RECURSION = YES;
				CLANG_WARN_INT_CONVERSION = YES;
				CLANG_WARN_NON_LITERAL_NULL_CONVERSION = YES;
				CLANG_WARN_OBJC_IMPLICIT_RETAIN_SELF = YES;
				CLANG_WARN_OBJC_LITERAL_CONVERSION = YES;
				CLANG_WARN_OBJC_ROOT_CLASS = YES_ERROR;
				CLANG_WARN_RANGE_LOOP_ANALYSIS = YES;
				CLANG_WARN_STRICT_PROTOTYPES = YES;
				CLANG_WARN_SUSPICIOUS_MOVE = YES;
				CLANG_WARN_UNGUARDED_AVAILABILITY = YES_AGGRESSIVE;
				CLANG_WARN_UNREACHABLE_CODE = YES;
				CLANG_WARN__DUPLICATE_METHOD_MATCH = YES;
				COPY_PHASE_STRIP = NO;
				DEBUG_INFORMATION_FORMAT = dwarf;
				ENABLE_STRICT_OBJC_MSGSEND = YES;
				ENABLE_TESTABILITY = YES;
				GCC_C_LANGUAGE_STANDARD = gnu11;
				GCC_DYNAMIC_NO_PIC = NO;
				GCC_NO_COMMON_BLOCKS = YES;
				GCC_OPTIMIZATION_LEVEL = 0;
				GCC_PREPROCESSOR_DEFINITIONS = (
					"DEBUG=1",
					"$(inherited)",
				);
				GCC_WARN_64_TO_32_BIT_CONVERSION = YES;
				GCC_WARN_ABOUT_RETURN_TYPE = YES_ERROR;
				GCC_WARN_UNDECLARED_SELECTOR = YES;
				GCC_WARN_UNINITIALIZED_AUTOS = YES_AGGRESSIVE;
				GCC_WARN_UNUSED_FUNCTION = YES;
				GCC_WARN_UNUSED_VARIABLE = YES;
				MACOSX_DEPLOYMENT_TARGET = 10.14;
				MTL_ENABLE_DEBUG_INFO = INCLUDE_SOURCE;
				MTL_FAST_MATH = YES;
				ONLY_ACTIVE_ARCH = YES;
				SDKROOT = macosx;
				SWIFT_ACTIVE_COMPILATION_CONDITIONS = DEBUG;
				SWIFT_OPTIMIZATION_LEVEL = "-Onone";
			};
			name = Debug;
		};
		9C1C26E523DDCC0700673570 /* Release */ = {
			isa = XCBuildConfiguration;
			buildSettings = {
				ALWAYS_SEARCH_USER_PATHS = NO;
				CLANG_ANALYZER_NONNULL = YES;
				CLANG_ANALYZER_NUMBER_OBJECT_CONVERSION = YES_AGGRESSIVE;
				CLANG_CXX_LANGUAGE_STANDARD = "gnu++14";
				CLANG_CXX_LIBRARY = "libc++";
				CLANG_ENABLE_MODULES = YES;
				CLANG_ENABLE_OBJC_ARC = YES;
				CLANG_ENABLE_OBJC_WEAK = YES;
				CLANG_WARN_BLOCK_CAPTURE_AUTORELEASING = YES;
				CLANG_WARN_BOOL_CONVERSION = YES;
				CLANG_WARN_COMMA = YES;
				CLANG_WARN_CONSTANT_CONVERSION = YES;
				CLANG_WARN_DEPRECATED_OBJC_IMPLEMENTATIONS = YES;
				CLANG_WARN_DIRECT_OBJC_ISA_USAGE = YES_ERROR;
				CLANG_WARN_DOCUMENTATION_COMMENTS = YES;
				CLANG_WARN_EMPTY_BODY = YES;
				CLANG_WARN_ENUM_CONVERSION = YES;
				CLANG_WARN_INFINITE_RECURSION = YES;
				CLANG_WARN_INT_CONVERSION = YES;
				CLANG_WARN_NON_LITERAL_NULL_CONVERSION = YES;
				CLANG_WARN_OBJC_IMPLICIT_RETAIN_SELF = YES;
				CLANG_WARN_OBJC_LITERAL_CONVERSION = YES;
				CLANG_WARN_OBJC_ROOT_CLASS = YES_ERROR;
				CLANG_WARN_RANGE_LOOP_ANALYSIS = YES;
				CLANG_WARN_STRICT_PROTOTYPES = YES;
				CLANG_WARN_SUSPICIOUS_MOVE = YES;
				CLANG_WARN_UNGUARDED_AVAILABILITY = YES_AGGRESSIVE;
				CLANG_WARN_UNREACHABLE_CODE = YES;
				CLANG_WARN__DUPLICATE_METHOD_MATCH = YES;
				COPY_PHASE_STRIP = NO;
				DEBUG_INFORMATION_FORMAT = "dwarf-with-dsym";
				ENABLE_NS_ASSERTIONS = NO;
				ENABLE_STRICT_OBJC_MSGSEND = YES;
				GCC_C_LANGUAGE_STANDARD = gnu11;
				GCC_NO_COMMON_BLOCKS = YES;
				GCC_WARN_64_TO_32_BIT_CONVERSION = YES;
				GCC_WARN_ABOUT_RETURN_TYPE = YES_ERROR;
				GCC_WARN_UNDECLARED_SELECTOR = YES;
				GCC_WARN_UNINITIALIZED_AUTOS = YES_AGGRESSIVE;
				GCC_WARN_UNUSED_FUNCTION = YES;
				GCC_WARN_UNUSED_VARIABLE = YES;
				MACOSX_DEPLOYMENT_TARGET = 10.14;
				MTL_ENABLE_DEBUG_INFO = NO;
				MTL_FAST_MATH = YES;
				SDKROOT = macosx;
				SWIFT_COMPILATION_MODE = wholemodule;
				SWIFT_OPTIMIZATION_LEVEL = "-O";
			};
			name = Release;
		};
		9C1C26E723DDCC0700673570 /* Debug */ = {
			isa = XCBuildConfiguration;
			buildSettings = {
				ASSETCATALOG_COMPILER_APPICON_NAME = AppIcon;
				CODE_SIGN_ENTITLEMENTS = Timelane/Timelane.entitlements;
				CODE_SIGN_STYLE = Automatic;
				COMBINE_HIDPI_IMAGES = YES;
				CURRENT_PROJECT_VERSION = 1.1;
				DEVELOPMENT_TEAM = 9MF8G8D9Y5;
				ENABLE_HARDENED_RUNTIME = YES;
				INFOPLIST_FILE = Timelane/Info.plist;
				LD_RUNPATH_SEARCH_PATHS = (
					"$(inherited)",
					"@executable_path/../Frameworks",
				);
				MACOSX_DEPLOYMENT_TARGET = 10.14;
				MARKETING_VERSION = 1.1;
				PRODUCT_BUNDLE_IDENTIFIER = com.underplot.Timelane;
				PRODUCT_NAME = "$(TARGET_NAME)";
				SWIFT_VERSION = 5.0;
			};
			name = Debug;
		};
		9C1C26E823DDCC0700673570 /* Release */ = {
			isa = XCBuildConfiguration;
			buildSettings = {
				ASSETCATALOG_COMPILER_APPICON_NAME = AppIcon;
				CODE_SIGN_ENTITLEMENTS = Timelane/Timelane.entitlements;
				CODE_SIGN_STYLE = Automatic;
				COMBINE_HIDPI_IMAGES = YES;
				CURRENT_PROJECT_VERSION = 1.1;
				DEVELOPMENT_TEAM = 9MF8G8D9Y5;
				ENABLE_HARDENED_RUNTIME = YES;
				INFOPLIST_FILE = Timelane/Info.plist;
				LD_RUNPATH_SEARCH_PATHS = (
					"$(inherited)",
					"@executable_path/../Frameworks",
				);
				MACOSX_DEPLOYMENT_TARGET = 10.14;
				MARKETING_VERSION = 1.1;
				PRODUCT_BUNDLE_IDENTIFIER = com.underplot.Timelane;
				PRODUCT_NAME = "$(TARGET_NAME)";
				SWIFT_VERSION = 5.0;
			};
			name = Release;
		};
		9C25F001241E59F2004AAA35 /* Debug */ = {
			isa = XCBuildConfiguration;
			buildSettings = {
				ALWAYS_SEARCH_USER_PATHS = NO;
				CODE_SIGN_STYLE = Automatic;
				DEVELOPMENT_TEAM = 9MF8G8D9Y5;
				INSTALL_PATH = "$(LOCAL_LIBRARY_DIR)/Instruments/Packages";
				PRODUCT_NAME = "$(TARGET_NAME)";
				SKIP_INSTALL = YES;
				VERSIONING_SYSTEM = "";
			};
			name = Debug;
		};
		9C25F002241E59F2004AAA35 /* Release */ = {
			isa = XCBuildConfiguration;
			buildSettings = {
				ALWAYS_SEARCH_USER_PATHS = NO;
				CODE_SIGN_STYLE = Automatic;
				DEVELOPMENT_TEAM = 9MF8G8D9Y5;
				INSTALL_PATH = "$(LOCAL_LIBRARY_DIR)/Instruments/Packages";
				PRODUCT_NAME = "$(TARGET_NAME)";
				SKIP_INSTALL = YES;
				VERSIONING_SYSTEM = "";
			};
			name = Release;
		};
		9C25F01F241E5CA7004AAA35 /* Debug */ = {
			isa = XCBuildConfiguration;
			buildSettings = {
				ASSETCATALOG_COMPILER_APPICON_NAME = AppIcon;
				CODE_SIGN_STYLE = Automatic;
				DEVELOPMENT_TEAM = 9MF8G8D9Y5;
				INFOPLIST_FILE = TestApp/Info.plist;
				IPHONEOS_DEPLOYMENT_TARGET = 13.2;
				LD_RUNPATH_SEARCH_PATHS = (
					"$(inherited)",
					"@executable_path/Frameworks",
				);
				PRODUCT_BUNDLE_IDENTIFIER = com.underplot.TestApp;
				PRODUCT_NAME = "$(TARGET_NAME)";
				SDKROOT = iphoneos;
				SKIP_INSTALL = YES;
				SWIFT_VERSION = 5.0;
				TARGETED_DEVICE_FAMILY = "1,2";
			};
			name = Debug;
		};
		9C25F020241E5CA7004AAA35 /* Release */ = {
			isa = XCBuildConfiguration;
			buildSettings = {
				ASSETCATALOG_COMPILER_APPICON_NAME = AppIcon;
				CODE_SIGN_STYLE = Automatic;
				DEVELOPMENT_TEAM = 9MF8G8D9Y5;
				INFOPLIST_FILE = TestApp/Info.plist;
				IPHONEOS_DEPLOYMENT_TARGET = 13.2;
				LD_RUNPATH_SEARCH_PATHS = (
					"$(inherited)",
					"@executable_path/Frameworks",
				);
				PRODUCT_BUNDLE_IDENTIFIER = com.underplot.TestApp;
				PRODUCT_NAME = "$(TARGET_NAME)";
				SDKROOT = iphoneos;
				SKIP_INSTALL = YES;
				SWIFT_VERSION = 5.0;
				TARGETED_DEVICE_FAMILY = "1,2";
				VALIDATE_PRODUCT = YES;
			};
			name = Release;
		};
/* End XCBuildConfiguration section */

/* Begin XCConfigurationList section */
		9C1C26D123DDCC0600673570 /* Build configuration list for PBXProject "Timelane" */ = {
			isa = XCConfigurationList;
			buildConfigurations = (
				9C1C26E423DDCC0700673570 /* Debug */,
				9C1C26E523DDCC0700673570 /* Release */,
			);
			defaultConfigurationIsVisible = 0;
			defaultConfigurationName = Release;
		};
		9C1C26E623DDCC0700673570 /* Build configuration list for PBXNativeTarget "Timelane" */ = {
			isa = XCConfigurationList;
			buildConfigurations = (
				9C1C26E723DDCC0700673570 /* Debug */,
				9C1C26E823DDCC0700673570 /* Release */,
			);
			defaultConfigurationIsVisible = 0;
			defaultConfigurationName = Release;
		};
		9C25F003241E59F2004AAA35 /* Build configuration list for PBXNativeTarget "TimelaneInstrument" */ = {
			isa = XCConfigurationList;
			buildConfigurations = (
				9C25F001241E59F2004AAA35 /* Debug */,
				9C25F002241E59F2004AAA35 /* Release */,
			);
			defaultConfigurationIsVisible = 0;
			defaultConfigurationName = Release;
		};
		9C25F01E241E5CA7004AAA35 /* Build configuration list for PBXNativeTarget "TestApp" */ = {
			isa = XCConfigurationList;
			buildConfigurations = (
				9C25F01F241E5CA7004AAA35 /* Debug */,
				9C25F020241E5CA7004AAA35 /* Release */,
			);
			defaultConfigurationIsVisible = 0;
			defaultConfigurationName = Release;
		};
/* End XCConfigurationList section */

/* Begin XCRemoteSwiftPackageReference section */
		9C1C26F623DDEB1B00673570 /* XCRemoteSwiftPackageReference "Down" */ = {
			isa = XCRemoteSwiftPackageReference;
			repositoryURL = "https://github.com/iwasrobbed/Down";
			requirement = {
				kind = upToNextMajorVersion;
				minimumVersion = 0.9.0;
			};
		};
		9C25F027241E5D6A004AAA35 /* XCRemoteSwiftPackageReference "TimelaneCombine" */ = {
			isa = XCRemoteSwiftPackageReference;
			repositoryURL = "https://github.com/icanzilb/TimelaneCombine";
			requirement = {
				kind = upToNextMajorVersion;
				minimumVersion = 1.0.4;
			};
		};
/* End XCRemoteSwiftPackageReference section */

/* Begin XCSwiftPackageProductDependency section */
		9C1C26F723DDEB1B00673570 /* Down */ = {
			isa = XCSwiftPackageProductDependency;
			package = 9C1C26F623DDEB1B00673570 /* XCRemoteSwiftPackageReference "Down" */;
			productName = Down;
		};
		9C25F028241E5D6A004AAA35 /* TimelaneCombine */ = {
			isa = XCSwiftPackageProductDependency;
			package = 9C25F027241E5D6A004AAA35 /* XCRemoteSwiftPackageReference "TimelaneCombine" */;
			productName = TimelaneCombine;
		};
/* End XCSwiftPackageProductDependency section */
	};
	rootObject = 9C1C26CE23DDCC0600673570 /* Project object */;
}
