{
  "object": {
    "pins": [
      {
        "package": "AppMover",
        "repositoryURL": "https://github.com/icanzilb/AppMover",
        "state": {
          "branch": null,
          "revision": "dc90ac087844ab05b6bd0f12ed10317372f40458",
          "version": "1.1.0"
        }
      },
      {
        "package": "Down",
        "repositoryURL": "https://github.com/iwasrobbed/Down",
        "state": {
          "branch": null,
          "revision": "2aada56e6a0a5593a58e1ad583bd605b6d0b58dd",
          "version": "0.9.2"
        }
      },
      {
        "package": "TimelaneCombine",
        "repositoryURL": "https://github.com/icanzilb/TimelaneCombine",
        "state": {
          "branch": null,
          "revision": "12c6aa6c3e0d5358f80651f2e7307bde01e6858b",
          "version": "1.0.5"
        }
      },
      {
        "package": "TimelaneCore",
        "repositoryURL": "https://github.com/icanzilb/TimelaneCore",
        "state": {
          "branch": null,
          "revision": "042240b3ca82904eed84bb4e54016a795c9386e2",
          "version": "1.0.6"
        }
      }
    ]
  },
  "version": 1
}
