{
  "object": {
    "pins": [
      {
        "package": "AppMover",
        "repositoryURL": "https://github.com/icanzilb/AppMover",
        "state": {
          "branch": null,
          "revision": "dc90ac087844ab05b6bd0f12ed10317372f40458",
          "version": "1.1.0"
        }
      },
      {
        "package": "Down",
        "repositoryURL": "https://github.com/iwasrobbed/Down",
        "state": {
          "branch": null,
          "revision": "940b173fc1328b0539d0e3681fdfa679501d2bdb",
          "version": "0.9.0"
        }
      },
      {
        "package": "TimelaneCombine",
        "repositoryURL": "https://github.com/icanzilb/TimelaneCombine",
        "state": {
          "branch": null,
          "revision": "e6837bcbb19332866d5e37d501c05d68fbf985f2",
          "version": "2.0.0"
        }
      },
      {
        "package": "TimelaneCore",
        "repositoryURL": "https://github.com/icanzilb/TimelaneCore",
        "state": {
          "branch": null,
          "revision": "1ce6992ee42d88590d38fe6dceae9b6e2a8f4919",
          "version": "2.0.0"
        }
      }
    ]
  },
  "version": 1
}
