{
  "object": {
    "pins": [
      {
        "package": "Down",
        "repositoryURL": "https://github.com/iwasrobbed/Down",
        "state": {
          "branch": null,
          "revision": "940b173fc1328b0539d0e3681fdfa679501d2bdb",
          "version": "0.9.0"
        }
      },
      {
        "package": "TimelaneCombine",
        "repositoryURL": "https://github.com/icanzilb/TimelaneCombine",
        "state": {
          "branch": null,
          "revision": "585553bc60cd4c9f29cebffdea384d7a27089cad",
          "version": "1.0.4"
        }
      },
      {
        "package": "TimelaneCore",
        "repositoryURL": "https://github.com/icanzilb/TimelaneCore",
        "state": {
          "branch": null,
          "revision": "eed561862b81852b9b0b0ea3a6ba3774b3a7b99f",
          "version": "1.0.3"
        }
      }
    ]
  },
  "version": 1
}
